
Microsoft Visual Studio Solution File, Format Version 12.00
# Visual Studio Version 16
VisualStudioVersion = 16.0.29709.97
MinimumVisualStudioVersion = 10.0.40219.1
Project("{9A19103F-16F7-4668-BE54-9A1E7A4F7556}") = "BookListRazor", "BookListRazor\BookListRazor.csproj", "{5A8246C9-12D6-4B2E-9600-D828CB66A3EC}"
EndProject
Project("{FAE04EC0-301F-11D3-BF4B-00C04F79EFBC}") = "bookapi", "bookapi\bookapi.csproj", "{D3825824-9B22-430F-ADBA-262D860AC9AF}"
EndProject
Global
	GlobalSection(SolutionConfigurationPlatforms) = preSolution
		Debug|Any CPU = Debug|Any CPU
		Release|Any CPU = Release|Any CPU
	EndGlobalSection
	GlobalSection(ProjectConfigurationPlatforms) = postSolution
		{5A8246C9-12D6-4B2E-9600-D828CB66A3EC}.Debug|Any CPU.ActiveCfg = Debug|Any CPU
		{5A8246C9-12D6-4B2E-9600-D828CB66A3EC}.Debug|Any CPU.Build.0 = Debug|Any CPU
		{5A8246C9-12D6-4B2E-9600-D828CB66A3EC}.Release|Any CPU.ActiveCfg = Release|Any CPU
		{5A8246C9-12D6-4B2E-9600-D828CB66A3EC}.Release|Any CPU.Build.0 = Release|Any CPU
		{D3825824-9B22-430F-ADBA-262D860AC9AF}.Debug|Any CPU.ActiveCfg = Debug|Any CPU
		{D3825824-9B22-430F-ADBA-262D860AC9AF}.Debug|Any CPU.Build.0 = Debug|Any CPU
		{D3825824-9B22-430F-ADBA-262D860AC9AF}.Release|Any CPU.ActiveCfg = Release|Any CPU
		{D3825824-9B22-430F-ADBA-262D860AC9AF}.Release|Any CPU.Build.0 = Release|Any CPU
	EndGlobalSection
	GlobalSection(SolutionProperties) = preSolution
		HideSolutionNode = FALSE
	EndGlobalSection
	GlobalSection(ExtensibilityGlobals) = postSolution
		SolutionGuid = {95D7D787-0456-4CAB-A5E4-7859882FC211}
	EndGlobalSection
EndGlobal
